
Microsoft Visual Studio Solution File, Format Version 10.00
# Visual Studio 2008
Project("{FAE04EC0-301F-11D3-BF4B-00C04F79EFBC}") = "WindowsFormsApplication1", "WindowsFormsApplication1\WindowsFormsApplication1.csproj", "{FB250552-FB58-46EE-9908-CC7672F715CE}"
EndProject
Global
	GlobalSection(SolutionConfigurationPlatforms) = preSolution
		Debug|.NET = Debug|.NET
		Debug|Any CPU = Debug|Any CPU
		Debug|Mixed Platforms = Debug|Mixed Platforms
		Release|.NET = Release|.NET
		Release|Any CPU = Release|Any CPU
		Release|Mixed Platforms = Release|Mixed Platforms
	EndGlobalSection
	GlobalSection(ProjectConfigurationPlatforms) = postSolution
		{FB250552-FB58-46EE-9908-CC7672F715CE}.Debug|.NET.ActiveCfg = Debug|Any CPU
		{FB250552-FB58-46EE-9908-CC7672F715CE}.Debug|Any CPU.ActiveCfg = Debug|Any CPU
		{FB250552-FB58-46EE-9908-CC7672F715CE}.Debug|Any CPU.Build.0 = Debug|Any CPU
		{FB250552-FB58-46EE-9908-CC7672F715CE}.Debug|Mixed Platforms.ActiveCfg = Debug|Any CPU
		{FB250552-FB58-46EE-9908-CC7672F715CE}.Debug|Mixed Platforms.Build.0 = Debug|Any CPU
		{FB250552-FB58-46EE-9908-CC7672F715CE}.Release|.NET.ActiveCfg = Release|Any CPU
		{FB250552-FB58-46EE-9908-CC7672F715CE}.Release|Any CPU.ActiveCfg = Release|Any CPU
		{FB250552-FB58-46EE-9908-CC7672F715CE}.Release|Any CPU.Build.0 = Release|Any CPU
		{FB250552-FB58-46EE-9908-CC7672F715CE}.Release|Mixed Platforms.ActiveCfg = Release|Any CPU
		{FB250552-FB58-46EE-9908-CC7672F715CE}.Release|Mixed Platforms.Build.0 = Release|Any CPU
	EndGlobalSection
	GlobalSection(SolutionProperties) = preSolution
		HideSolutionNode = FALSE
	EndGlobalSection
EndGlobal
